
Microsoft Visual Studio Solution File, Format Version 12.00
# Visual Studio Version 17
VisualStudioVersion = 17.3.32901.215
MinimumVisualStudioVersion = 10.0.40219.1
Project("{FAE04EC0-301F-11D3-BF4B-00C04F79EFBC}") = "ScilyLines", "ScilyLines\ScilyLines.csproj", "{653BF9EE-7BC9-49B6-8A19-A4CAD1DC7291}"
EndProject
Global
	GlobalSection(SolutionConfigurationPlatforms) = preSolution
		Debug|Any CPU = Debug|Any CPU
		Release|Any CPU = Release|Any CPU
	EndGlobalSection
	GlobalSection(ProjectConfigurationPlatforms) = postSolution
		{653BF9EE-7BC9-49B6-8A19-A4CAD1DC7291}.Debug|Any CPU.ActiveCfg = Debug|Any CPU
		{653BF9EE-7BC9-49B6-8A19-A4CAD1DC7291}.Debug|Any CPU.Build.0 = Debug|Any CPU
		{653BF9EE-7BC9-49B6-8A19-A4CAD1DC7291}.Release|Any CPU.ActiveCfg = Release|Any CPU
		{653BF9EE-7BC9-49B6-8A19-A4CAD1DC7291}.Release|Any CPU.Build.0 = Release|Any CPU
	EndGlobalSection
	GlobalSection(SolutionProperties) = preSolution
		HideSolutionNode = FALSE
	EndGlobalSection
	GlobalSection(ExtensibilityGlobals) = postSolution
		SolutionGuid = {258BCCEF-8E7C-4155-94DD-CF4ACAD73B0C}
	EndGlobalSection
EndGlobal
